github.com/go-chi/chi/v5 v5.2.0 h1:Aj1EtB0qR2Rdo2dG4O94RIU35w2lvQSj6BRA4+qwFL0=
github.com/go-chi/chi/v5 v5.2.0/go.mod h1:DslCQbL2OYiznFReuXYUmQ2hGd1aDpCnlMNITLSKoi8=
github.com/vbksvkar/go-logger v1.0.2 h1:F/DjC/AdFDmn6If3xewObAKDdn7iZOi9CzYjCjI/FGA=
github.com/vbksvkar/go-logger v1.0.2/go.mod h1:Ij2D2kkIeW5iTibdCD0K9GVxvWDJNdURwuTT8+wxUck=
go.uber.org/multierr v1.10.0 h1:S0h4aNzvfcFsC3dRF1jLoaov7oRaKqRGC/pUEJ2yvPQ=
go.uber.org/multierr v1.10.0/go.mod h1:20+QtiLqy0Nd6FdQB9TLXag12DsQkrbs3htMFfDN80Y=
go.uber.org/multierr v1.11.0 h1:blXXJkSxSSfBVBlC76pxqeO+LN3aDfLQo+309xJstO0=
go.uber.org/multierr v1.11.0/go.mod h1:20+QtiLqy0Nd6FdQB9TLXag12DsQkrbs3htMFfDN80Y=
go.uber.org/zap v1.27.0 h1:aJMhYGrd5QSmlpLMr2MftRKl7t8J8PTZPA732ud/XR8=
go.uber.org/zap v1.27.0/go.mod h1:GB2qFLM7cTU87MWRP2mPIjqfIDnGu+VIO4V/SdhGo2E=
